// !$*UTF8*$!
{
	archiveVersion = 1;
	classes = {
	};
	objectVersion = 77;
	objects = {

/* Begin PBXBuildFile section */
		8F4FAF5B301CD761009BC9F0 /* FirebaseAnalytics in Frameworks */ = {isa = PBXBuildFile; productRef = 8F4FAF5A301CD761009BC9F0 /* FirebaseAnalytics */; };
		8F4FAF5D301CD76D009BC9F0 /* FirebaseCrashlytics in Frameworks */ = {isa = PBXBuildFile; productRef = 8F4FAF5C301CD76D009BC9F0 /* FirebaseCrashlytics */; };
		8F6BA5D33002F30800B3CBB5 /* ProjectApexCore in Frameworks */ = {isa = PBXBuildFile; productRef = 8F6BA5D23002F30800B3CBB5 /* ProjectApexCore */; };
		8F7E478B3009307500BD41B0 /* FirebaseAuth in Frameworks */ = {isa = PBXBuildFile; productRef = 8F7E478A3009307500BD41B0 /* FirebaseAuth */; };
		8F7E478D3009308500BD41B0 /* FirebaseFirestore in Frameworks */ = {isa = PBXBuildFile; productRef = 8F7E478C3009308500BD41B0 /* FirebaseFirestore */; };
/* End PBXBuildFile section */

/* Begin PBXContainerItemProxy section */
		8F6BA5A1300056C500B3CBB5 /* PBXContainerItemProxy */ = {
			isa = PBXContainerItemProxy;
			containerPortal = 8F6BA58B300056C400B3CBB5 /* Project object */;
			proxyType = 1;
			remoteGlobalIDString = 8F6BA592300056C400B3CBB5;
			remoteInfo = ProjectApex;
		};
		8F6BA5AB300056C500B3CBB5 /* PBXContainerItemProxy */ = {
			isa = PBXContainerItemProxy;
			containerPortal = 8F6BA58B300056C400B3CBB5 /* Project object */;
			proxyType = 1;
			remoteGlobalIDString = 8F6BA592300056C400B3CBB5;
			remoteInfo = ProjectApex;
		};
/* End PBXContainerItemProxy section */

/* Begin PBXFileReference section */
		8F6BA593300056C400B3CBB5 /* ProjectApex.app */ = {isa = PBXFileReference; explicitFileType = wrapper.application; includeInIndex = 0; path = ProjectApex.app; sourceTree = BUILT_PRODUCTS_DIR; };
		8F6BA5A0300056C500B3CBB5 /* ProjectApexTests.xctest */ = {isa = PBXFileReference; explicitFileType = wrapper.cfbundle; includeInIndex = 0; path = ProjectApexTests.xctest; sourceTree = BUILT_PRODUCTS_DIR; };
		8F6BA5AA300056C500B3CBB5 /* ProjectApexUITests.xctest */ = {isa = PBXFileReference; explicitFileType = wrapper.cfbundle; includeInIndex = 0; path = ProjectApexUITests.xctest; sourceTree = BUILT_PRODUCTS_DIR; };
		8F6BA5D03002F23E00B3CBB5 /* ProjectApexCore */ = {isa = PBXFileReference; lastKnownFileType = wrapper; path = ProjectApexCore; sourceTree = "<group>"; };
/* End PBXFileReference section */

/* Begin PBXFileSystemSynchronizedBuildFileExceptionSet section */
		8F9459DB30366FC000BDBA91 /* Exceptions for "ProjectApex" folder in "ProjectApex" target */ = {
			isa = PBXFileSystemSynchronizedBuildFileExceptionSet;
			membershipExceptions = (
				Info.plist,
			);
			target = 8F6BA592300056C400B3CBB5 /* ProjectApex */;
		};
/* End PBXFileSystemSynchronizedBuildFileExceptionSet section */

/* Begin PBXFileSystemSynchronizedRootGroup section */
		8F6BA595300056C400B3CBB5 /* ProjectApex */ = {
			isa = PBXFileSystemSynchronizedRootGroup;
			exceptions = (
				8F9459DB30366FC000BDBA91 /* Exceptions for "ProjectApex" folder in "ProjectApex" target */,
			);
			path = ProjectApex;
			sourceTree = "<group>";
		};
		8F6BA5A3300056C500B3CBB5 /* ProjectApexTests */ = {
			isa = PBXFileSystemSynchronizedRootGroup;
			path = ProjectApexTests;
			sourceTree = "<group>";
		};
		8F6BA5AD300056C500B3CBB5 /* ProjectApexUITests */ = {
			isa = PBXFileSystemSynchronizedRootGroup;
			path = ProjectApexUITests;
			sourceTree = "<group>";
		};
/* End PBXFileSystemSynchronizedRootGroup section */

/* Begin PBXFrameworksBuildPhase section */
		8F6BA590300056C400B3CBB5 /* Frameworks */ = {
			isa = PBXFrameworksBuildPhase;
			buildActionMask = 2147483647;
			files = (
				8F6BA5D33002F30800B3CBB5 /* ProjectApexCore in Frameworks */,
				8F7E478B3009307500BD41B0 /* FirebaseAuth in Frameworks */,
				8F4FAF5D301CD76D009BC9F0 /* FirebaseCrashlytics in Frameworks */,
				8F4FAF5B301CD761009BC9F0 /* FirebaseAnalytics in Frameworks */,
				8F7E478D3009308500BD41B0 /* FirebaseFirestore in Frameworks */,
			);
			runOnlyForDeploymentPostprocessing = 0;
		};
		8F6BA59D300056C500B3CBB5 /* Frameworks */ = {
			isa = PBXFrameworksBuildPhase;
			buildActionMask = 2147483647;
			files = (
			);
			runOnlyForDeploymentPostprocessing = 0;
		};
		8F6BA5A7300056C500B3CBB5 /* Frameworks */ = {
			isa = PBXFrameworksBuildPhase;
			buildActionMask = 2147483647;
			files = (
			);
			runOnlyForDeploymentPostprocessing = 0;
		};
/* End PBXFrameworksBuildPhase section */

/* Begin PBXGroup section */
		8F6BA58A300056C400B3CBB5 = {
			isa = PBXGroup;
			children = (
				8F6BA5D03002F23E00B3CBB5 /* ProjectApexCore */,
				8F6BA595300056C400B3CBB5 /* ProjectApex */,
				8F6BA5A3300056C500B3CBB5 /* ProjectApexTests */,
				8F6BA5AD300056C500B3CBB5 /* ProjectApexUITests */,
				8F6BA5CD3001154700B3CBB5 /* Frameworks */,
				8F6BA594300056C400B3CBB5 /* Products */,
			);
			sourceTree = "<group>";
		};
		8F6BA594300056C400B3CBB5 /* Products */ = {
			isa = PBXGroup;
			children = (
				8F6BA593300056C400B3CBB5 /* ProjectApex.app */,
				8F6BA5A0300056C500B3CBB5 /* ProjectApexTests.xctest */,
				8F6BA5AA300056C500B3CBB5 /* ProjectApexUITests.xctest */,
			);
			name = Products;
			sourceTree = "<group>";
		};
		8F6BA5CD3001154700B3CBB5 /* Frameworks */ = {
			isa = PBXGroup;
			children = (
			);
			name = Frameworks;
			sourceTree = "<group>";
		};
/* End PBXGroup section */

/* Begin PBXNativeTarget section */
		8F6BA592300056C400B3CBB5 /* ProjectApex */ = {
			isa = PBXNativeTarget;
			buildConfigurationList = 8F6BA5B4300056C500B3CBB5 /* Build configuration list for PBXNativeTarget "ProjectApex" */;
			buildPhases = (
				8F6BA58F300056C400B3CBB5 /* Sources */,
				8F6BA590300056C400B3CBB5 /* Frameworks */,
				8F6BA591300056C400B3CBB5 /* Resources */,
				8F2D215F301BBA850044C5D7 /* ShellScript */,
			);
			buildRules = (
			);
			dependencies = (
			);
			fileSystemSynchronizedGroups = (
				8F6BA595300056C400B3CBB5 /* ProjectApex */,
			);
			name = ProjectApex;
			packageProductDependencies = (
				8F6BA5D23002F30800B3CBB5 /* ProjectApexCore */,
				8F7E478A3009307500BD41B0 /* FirebaseAuth */,
				8F7E478C3009308500BD41B0 /* FirebaseFirestore */,
				8F4FAF5A301CD761009BC9F0 /* FirebaseAnalytics */,
				8F4FAF5C301CD76D009BC9F0 /* FirebaseCrashlytics */,
			);
			productName = ProjectApex;
			productReference = 8F6BA593300056C400B3CBB5 /* ProjectApex.app */;
			productType = "com.apple.product-type.application";
		};
		8F6BA59F300056C500B3CBB5 /* ProjectApexTests */ = {
			isa = PBXNativeTarget;
			buildConfigurationList = 8F6BA5B7300056C500B3CBB5 /* Build configuration list for PBXNativeTarget "ProjectApexTests" */;
			buildPhases = (
				8F6BA59C300056C500B3CBB5 /* Sources */,
				8F6BA59D300056C500B3CBB5 /* Frameworks */,
				8F6BA59E300056C500B3CBB5 /* Resources */,
			);
			buildRules = (
			);
			dependencies = (
				8F6BA5A2300056C500B3CBB5 /* PBXTargetDependency */,
			);
			fileSystemSynchronizedGroups = (
				8F6BA5A3300056C500B3CBB5 /* ProjectApexTests */,
			);
			name = ProjectApexTests;
			packageProductDependencies = (
			);
			productName = ProjectApexTests;
			productReference = 8F6BA5A0300056C500B3CBB5 /* ProjectApexTests.xctest */;
			productType = "com.apple.product-type.bundle.unit-test";
		};
		8F6BA5A9300056C500B3CBB5 /* ProjectApexUITests */ = {
			isa = PBXNativeTarget;
			buildConfigurationList = 8F6BA5BA300056C500B3CBB5 /* Build configuration list for PBXNativeTarget "ProjectApexUITests" */;
			buildPhases = (
				8F6BA5A6300056C500B3CBB5 /* Sources */,
				8F6BA5A7300056C500B3CBB5 /* Frameworks */,
				8F6BA5A8300056C500B3CBB5 /* Resources */,
			);
			buildRules = (
			);
			dependencies = (
				8F6BA5AC300056C500B3CBB5 /* PBXTargetDependency */,
			);
			fileSystemSynchronizedGroups = (
				8F6BA5AD300056C500B3CBB5 /* ProjectApexUITests */,
			);
			name = ProjectApexUITests;
			packageProductDependencies = (
			);
			productName = ProjectApexUITests;
			productReference = 8F6BA5AA300056C500B3CBB5 /* ProjectApexUITests.xctest */;
			productType = "com.apple.product-type.bundle.ui-testing";
		};
/* End PBXNativeTarget section */

/* Begin PBXProject section */
		8F6BA58B300056C400B3CBB5 /* Project object */ = {
			isa = PBXProject;
			attributes = {
				BuildIndependentTargetsInParallel = 1;
				LastSwiftUpdateCheck = 2660;
				LastUpgradeCheck = 2660;
				TargetAttributes = {
					8F6BA592300056C400B3CBB5 = {
						CreatedOnToolsVersion = 26.6;
					};
					8F6BA59F300056C500B3CBB5 = {
						CreatedOnToolsVersion = 26.6;
						TestTargetID = 8F6BA592300056C400B3CBB5;
					};
					8F6BA5A9300056C500B3CBB5 = {
						CreatedOnToolsVersion = 26.6;
						TestTargetID = 8F6BA592300056C400B3CBB5;
					};
				};
			};
			buildConfigurationList = 8F6BA58E300056C400B3CBB5 /* Build configuration list for PBXProject "ProjectApex" */;
			developmentRegion = en;
			hasScannedForEncodings = 0;
			knownRegions = (
				en,
				Base,
			);
			mainGroup = 8F6BA58A300056C400B3CBB5;
			minimizedProjectReferenceProxies = 1;
			packageReferences = (
				8F6BA5D13002F2B700B3CBB5 /* XCLocalSwiftPackageReference "ProjectApexCore" */,
				8F7E47793009001800BD41B0 /* XCRemoteSwiftPackageReference "swift-algorithms" */,
				8F7E477A3009006E00BD41B0 /* XCRemoteSwiftPackageReference "firebase-ios-sdk" */,
			);
			preferredProjectObjectVersion = 77;
			productRefGroup = 8F6BA594300056C400B3CBB5 /* Products */;
			projectDirPath = "";
			projectRoot = "";
			targets = (
				8F6BA592300056C400B3CBB5 /* ProjectApex */,
				8F6BA59F300056C500B3CBB5 /* ProjectApexTests */,
				8F6BA5A9300056C500B3CBB5 /* ProjectApexUITests */,
			);
		};
/* End PBXProject section */

/* Begin PBXResourcesBuildPhase section */
		8F6BA591300056C400B3CBB5 /* Resources */ = {
			isa = PBXResourcesBuildPhase;
			buildActionMask = 2147483647;
			files = (
			);
			runOnlyForDeploymentPostprocessing = 0;
		};
		8F6BA59E300056C500B3CBB5 /* Resources */ = {
			isa = PBXResourcesBuildPhase;
			buildActionMask = 2147483647;
			files = (
			);
			runOnlyForDeploymentPostprocessing = 0;
		};
		8F6BA5A8300056C500B3CBB5 /* Resources */ = {
			isa = PBXResourcesBuildPhase;
			buildActionMask = 2147483647;
			files = (
			);
			runOnlyForDeploymentPostprocessing = 0;
		};
/* End PBXResourcesBuildPhase section */

/* Begin PBXShellScriptBuildPhase section */
		8F2D215F301BBA850044C5D7 /* ShellScript */ = {
			isa = PBXShellScriptBuildPhase;
			buildActionMask = 2147483647;
			files = (
			);
			inputFileListPaths = (
			);
			inputPaths = (
				"${DWARF_DSYM_FOLDER_PATH}/${DWARF_DSYM_FILE_NAME}",
				"${DWARF_DSYM_FOLDER_PATH}/${DWARF_DSYM_FILE_NAME}/Contents/Resources/DWARF/${PRODUCT_NAME}",
				"${DWARF_DSYM_FOLDER_PATH}/${DWARF_DSYM_FILE_NAME}/Contents/Info.plist",
				"$(TARGET_BUILD_DIR)/$(UNLOCALIZED_RESOURCES_FOLDER_PATH)/GoogleService-Info.plist",
				"$(TARGET_BUILD_DIR)/$(EXECUTABLE_PATH)",
			);
			outputFileListPaths = (
			);
			outputPaths = (
			);
			runOnlyForDeploymentPostprocessing = 0;
			shellPath = /bin/sh;
			shellScript = "# Type a script or drag a script file from your workspace to insert its path.\n\"${BUILD_DIR%/Build/*}/SourcePackages/checkouts/firebase-ios-sdk/Crashlytics/run\"\n";
		};
/* End PBXShellScriptBuildPhase section */

/* Begin PBXSourcesBuildPhase section */
		8F6BA58F300056C400B3CBB5 /* Sources */ = {
			isa = PBXSourcesBuildPhase;
			buildActionMask = 2147483647;
			files = (
			);
			runOnlyForDeploymentPostprocessing = 0;
		};
		8F6BA59C300056C500B3CBB5 /* Sources */ = {
			isa = PBXSourcesBuildPhase;
			buildActionMask = 2147483647;
			files = (
			);
			runOnlyForDeploymentPostprocessing = 0;
		};
		8F6BA5A6300056C500B3CBB5 /* Sources */ = {
			isa = PBXSourcesBuildPhase;
			buildActionMask = 2147483647;
			files = (
			);
			runOnlyForDeploymentPostprocessing = 0;
		};
/* End PBXSourcesBuildPhase section */

/* Begin PBXTargetDependency section */
		8F6BA5A2300056C500B3CBB5 /* PBXTargetDependency */ = {
			isa = PBXTargetDependency;
			target = 8F6BA592300056C400B3CBB5 /* ProjectApex */;
			targetProxy = 8F6BA5A1300056C500B3CBB5 /* PBXContainerItemProxy */;
		};
		8F6BA5AC300056C500B3CBB5 /* PBXTargetDependency */ = {
			isa = PBXTargetDependency;
			target = 8F6BA592300056C400B3CBB5 /* ProjectApex */;
			targetProxy = 8F6BA5AB300056C500B3CBB5 /* PBXContainerItemProxy */;
		};
/* End PBXTargetDependency section */

/* Begin XCBuildConfiguration section */
		8F6BA5B2300056C500B3CBB5 /* Debug */ = {
			isa = XCBuildConfiguration;
			buildSettings = {
				ALWAYS_SEARCH_USER_PATHS = NO;
				ASSETCATALOG_COMPILER_GENERATE_SWIFT_ASSET_SYMBOL_EXTENSIONS = YES;
				CLANG_ANALYZER_NONNULL = YES;
				CLANG_ANALYZER_NUMBER_OBJECT_CONVERSION = YES_AGGRESSIVE;
				CLANG_CXX_LANGUAGE_STANDARD = "gnu++20";
				CLANG_ENABLE_MODULES = YES;
				CLANG_ENABLE_OBJC_ARC = YES;
				CLANG_ENABLE_OBJC_WEAK = YES;
				CLANG_WARN_BLOCK_CAPTURE_AUTORELEASING = YES;
				CLANG_WARN_BOOL_CONVERSION = YES;
				CLANG_WARN_COMMA = YES;
				CLANG_WARN_CONSTANT_CONVERSION = YES;
				CLANG_WARN_DEPRECATED_OBJC_IMPLEMENTATIONS = YES;
				CLANG_WARN_DIRECT_OBJC_ISA_USAGE = YES_ERROR;
				CLANG_WARN_DOCUMENTATION_COMMENTS = YES;
				CLANG_WARN_EMPTY_BODY = YES;
				CLANG_WARN_ENUM_CONVERSION = YES;
				CLANG_WARN_INFINITE_RECURSION = YES;
				CLANG_WARN_INT_CONVERSION = YES;
				CLANG_WARN_NON_LITERAL_NULL_CONVERSION = YES;
				CLANG_WARN_OBJC_IMPLICIT_RETAIN_SELF = YES;
				CLANG_WARN_OBJC_LITERAL_CONVERSION = YES;
				CLANG_WARN_OBJC_ROOT_CLASS = YES_ERROR;
				CLANG_WARN_QUOTED_INCLUDE_IN_FRAMEWORK_HEADER = YES;
				CLANG_WARN_RANGE_LOOP_ANALYSIS = YES;
				CLANG_WARN_STRICT_PROTOTYPES = YES;
				CLANG_WARN_SUSPICIOUS_MOVE = YES;
				CLANG_WARN_UNGUARDED_AVAILABILITY = YES_AGGRESSIVE;
				CLANG_WARN_UNREACHABLE_CODE = YES;
				CLANG_WARN__DUPLICATE_METHOD_MATCH = YES;
				COPY_PHASE_STRIP = NO;
				DEBUG_INFORMATION_FORMAT = dwarf;
				DEVELOPMENT_TEAM = H868QD76KJ;
				ENABLE_STRICT_OBJC_MSGSEND = YES;
				ENABLE_TESTABILITY = YES;
				ENABLE_USER_SCRIPT_SANDBOXING = YES;
				GCC_C_LANGUAGE_STANDARD = gnu17;
				GCC_DYNAMIC_NO_PIC = NO;
				GCC_NO_COMMON_BLOCKS = YES;
				GCC_OPTIMIZATION_LEVEL = 0;
				GCC_PREPROCESSOR_DEFINITIONS = (
					"DEBUG=1",
					"$(inherited)",
				);
				GCC_WARN_64_TO_32_BIT_CONVERSION = YES;
				GCC_WARN_ABOUT_RETURN_TYPE = YES_ERROR;
				GCC_WARN_UNDECLARED_SELECTOR = YES;
				GCC_WARN_UNINITIALIZED_AUTOS = YES_AGGRESSIVE;
				GCC_WARN_UNUSED_FUNCTION = YES;
				GCC_WARN_UNUSED_VARIABLE = YES;
				IPHONEOS_DEPLOYMENT_TARGET = 17.6;
				LOCALIZATION_PREFERS_STRING_CATALOGS = YES;
				MTL_ENABLE_DEBUG_INFO = INCLUDE_SOURCE;
				MTL_FAST_MATH = YES;
				ONLY_ACTIVE_ARCH = YES;
				SDKROOT = iphoneos;
				SWIFT_ACTIVE_COMPILATION_CONDITIONS = "DEBUG $(inherited)";
				SWIFT_OPTIMIZATION_LEVEL = "-Onone";
			};
			name = Debug;
		};
		8F6BA5B3300056C500B3CBB5 /* Release */ = {
			isa = XCBuildConfiguration;
			buildSettings = {
				ALWAYS_SEARCH_USER_PATHS = NO;
				ASSETCATALOG_COMPILER_GENERATE_SWIFT_ASSET_SYMBOL_EXTENSIONS = YES;
				CLANG_ANALYZER_NONNULL = YES;
				CLANG_ANALYZER_NUMBER_OBJECT_CONVERSION = YES_AGGRESSIVE;
				CLANG_CXX_LANGUAGE_STANDARD = "gnu++20";
				CLANG_ENABLE_MODULES = YES;
				CLANG_ENABLE_OBJC_ARC = YES;
				CLANG_ENABLE_OBJC_WEAK = YES;
				CLANG_WARN_BLOCK_CAPTURE_AUTORELEASING = YES;
				CLANG_WARN_BOOL_CONVERSION = YES;
				CLANG_WARN_COMMA = YES;
				CLANG_WARN_CONSTANT_CONVERSION = YES;
				CLANG_WARN_DEPRECATED_OBJC_IMPLEMENTATIONS = YES;
				CLANG_WARN_DIRECT_OBJC_ISA_USAGE = YES_ERROR;
				CLANG_WARN_DOCUMENTATION_COMMENTS = YES;
				CLANG_WARN_EMPTY_BODY = YES;
				CLANG_WARN_ENUM_CONVERSION = YES;
				CLANG_WARN_INFINITE_RECURSION = YES;
				CLANG_WARN_INT_CONVERSION = YES;
				CLANG_WARN_NON_LITERAL_NULL_CONVERSION = YES;
				CLANG_WARN_OBJC_IMPLICIT_RETAIN_SELF = YES;
				CLANG_WARN_OBJC_LITERAL_CONVERSION = YES;
				CLANG_WARN_OBJC_ROOT_CLASS = YES_ERROR;
				CLANG_WARN_QUOTED_INCLUDE_IN_FRAMEWORK_HEADER = YES;
				CLANG_WARN_RANGE_LOOP_ANALYSIS = YES;
				CLANG_WARN_STRICT_PROTOTYPES = YES;
				CLANG_WARN_SUSPICIOUS_MOVE = YES;
				CLANG_WARN_UNGUARDED_AVAILABILITY = YES_AGGRESSIVE;
				CLANG_WARN_UNREACHABLE_CODE = YES;
				CLANG_WARN__DUPLICATE_METHOD_MATCH = YES;
				COPY_PHASE_STRIP = NO;
				DEBUG_INFORMATION_FORMAT = "dwarf-with-dsym";
				DEVELOPMENT_TEAM = H868QD76KJ;
				ENABLE_NS_ASSERTIONS = NO;
				ENABLE_STRICT_OBJC_MSGSEND = YES;
				ENABLE_USER_SCRIPT_SANDBOXING = YES;
				GCC_C_LANGUAGE_STANDARD = gnu17;
				GCC_NO_COMMON_BLOCKS = YES;
				GCC_WARN_64_TO_32_BIT_CONVERSION = YES;
				GCC_WARN_ABOUT_RETURN_TYPE = YES_ERROR;
				GCC_WARN_UNDECLARED_SELECTOR = YES;
				GCC_WARN_UNINITIALIZED_AUTOS = YES_AGGRESSIVE;
				GCC_WARN_UNUSED_FUNCTION = YES;
				GCC_WARN_UNUSED_VARIABLE = YES;
				IPHONEOS_DEPLOYMENT_TARGET = 17.6;
				LOCALIZATION_PREFERS_STRING_CATALOGS = YES;
				MTL_ENABLE_DEBUG_INFO = NO;
				MTL_FAST_MATH = YES;
				SDKROOT = iphoneos;
				SWIFT_COMPILATION_MODE = wholemodule;
				VALIDATE_PRODUCT = YES;
			};
			name = Release;
		};
		8F6BA5B5300056C500B3CBB5 /* Debug */ = {
			isa = XCBuildConfiguration;
			buildSettings = {
				ASSETCATALOG_COMPILER_APPICON_NAME = AppIcon;
				ASSETCATALOG_COMPILER_GLOBAL_ACCENT_COLOR_NAME = AccentColor;
				CODE_SIGN_STYLE = Automatic;
				CURRENT_PROJECT_VERSION = 14;
				DEBUG_INFORMATION_FORMAT = "dwarf-with-dsym";
				DEVELOPMENT_TEAM = H868QD76KJ;
				ENABLE_PREVIEWS = YES;
				GENERATE_INFOPLIST_FILE = YES;
				INFOPLIST_FILE = ProjectApex/Info.plist;
				INFOPLIST_KEY_ITSAppUsesNonExemptEncryption = NO;
				INFOPLIST_KEY_UIApplicationSceneManifest_Generation = YES;
				INFOPLIST_KEY_UIApplicationSupportsIndirectInputEvents = YES;
				INFOPLIST_KEY_UILaunchScreen_Generation = YES;
				INFOPLIST_KEY_UISupportedInterfaceOrientations_iPhone = UIInterfaceOrientationPortrait;
				IPHONEOS_DEPLOYMENT_TARGET = 17.6;
				LD_RUNPATH_SEARCH_PATHS = (
					"$(inherited)",
					"@executable_path/Frameworks",
				);
				MARKETING_VERSION = 1.0;
				PRODUCT_BUNDLE_IDENTIFIER = com.sahinsedar.ProjectApex;
				PRODUCT_NAME = "$(TARGET_NAME)";
				STRING_CATALOG_GENERATE_SYMBOLS = YES;
				SWIFT_APPROACHABLE_CONCURRENCY = YES;
				SWIFT_DEFAULT_ACTOR_ISOLATION = MainActor;
				SWIFT_EMIT_LOC_STRINGS = YES;
				SWIFT_UPCOMING_FEATURE_MEMBER_IMPORT_VISIBILITY = YES;
				SWIFT_VERSION = 5.0;
				TARGETED_DEVICE_FAMILY = 1;
			};
			name = Debug;
		};
		8F6BA5B6300056C500B3CBB5 /* Release */ = {
			isa = XCBuildConfiguration;
			buildSettings = {
				ASSETCATALOG_COMPILER_APPICON_NAME = AppIcon;
				ASSETCATALOG_COMPILER_GLOBAL_ACCENT_COLOR_NAME = AccentColor;
				CODE_SIGN_STYLE = Automatic;
				CURRENT_PROJECT_VERSION = 14;
				DEVELOPMENT_TEAM = H868QD76KJ;
				ENABLE_PREVIEWS = YES;
				GENERATE_INFOPLIST_FILE = YES;
				INFOPLIST_FILE = ProjectApex/Info.plist;
				INFOPLIST_KEY_ITSAppUsesNonExemptEncryption = NO;
				INFOPLIST_KEY_UIApplicationSceneManifest_Generation = YES;
				INFOPLIST_KEY_UIApplicationSupportsIndirectInputEvents = YES;
				INFOPLIST_KEY_UILaunchScreen_Generation = YES;
				INFOPLIST_KEY_UISupportedInterfaceOrientations_iPhone = UIInterfaceOrientationPortrait;
				IPHONEOS_DEPLOYMENT_TARGET = 17.6;
				LD_RUNPATH_SEARCH_PATHS = (
					"$(inherited)",
					"@executable_path/Frameworks",
				);
				MARKETING_VERSION = 1.0;
				PRODUCT_BUNDLE_IDENTIFIER = com.sahinsedar.ProjectApex;
				PRODUCT_NAME = "$(TARGET_NAME)";
				STRING_CATALOG_GENERATE_SYMBOLS = YES;
				SWIFT_APPROACHABLE_CONCURRENCY = YES;
				SWIFT_DEFAULT_ACTOR_ISOLATION = MainActor;
				SWIFT_EMIT_LOC_STRINGS = YES;
				SWIFT_UPCOMING_FEATURE_MEMBER_IMPORT_VISIBILITY = YES;
				SWIFT_VERSION = 5.0;
				TARGETED_DEVICE_FAMILY = 1;
			};
			name = Release;
		};
		8F6BA5B8300056C500B3CBB5 /* Debug */ = {
			isa = XCBuildConfiguration;
			buildSettings = {
				BUNDLE_LOADER = "$(TEST_HOST)";
				CODE_SIGN_STYLE = Automatic;
				CURRENT_PROJECT_VERSION = 1;
				DEVELOPMENT_TEAM = H868QD76KJ;
				GENERATE_INFOPLIST_FILE = YES;
				IPHONEOS_DEPLOYMENT_TARGET = 17.6;
				MARKETING_VERSION = 1.0;
				PRODUCT_BUNDLE_IDENTIFIER = com.sahinsedar.ProjectApexTests;
				PRODUCT_NAME = "$(TARGET_NAME)";
				STRING_CATALOG_GENERATE_SYMBOLS = NO;
				SWIFT_APPROACHABLE_CONCURRENCY = YES;
				SWIFT_EMIT_LOC_STRINGS = NO;
				SWIFT_UPCOMING_FEATURE_MEMBER_IMPORT_VISIBILITY = YES;
				SWIFT_VERSION = 5.0;
				TARGETED_DEVICE_FAMILY = 1;
				TEST_HOST = "$(BUILT_PRODUCTS_DIR)/ProjectApex.app/$(BUNDLE_EXECUTABLE_FOLDER_PATH)/ProjectApex";
			};
			name = Debug;
		};
		8F6BA5B9300056C500B3CBB5 /* Release */ = {
			isa = XCBuildConfiguration;
			buildSettings = {
				BUNDLE_LOADER = "$(TEST_HOST)";
				CODE_SIGN_STYLE = Automatic;
				CURRENT_PROJECT_VERSION = 1;
				DEVELOPMENT_TEAM = H868QD76KJ;
				GENERATE_INFOPLIST_FILE = YES;
				IPHONEOS_DEPLOYMENT_TARGET = 17.6;
				MARKETING_VERSION = 1.0;
				PRODUCT_BUNDLE_IDENTIFIER = com.sahinsedar.ProjectApexTests;
				PRODUCT_NAME = "$(TARGET_NAME)";
				STRING_CATALOG_GENERATE_SYMBOLS = NO;
				SWIFT_APPROACHABLE_CONCURRENCY = YES;
				SWIFT_EMIT_LOC_STRINGS = NO;
				SWIFT_UPCOMING_FEATURE_MEMBER_IMPORT_VISIBILITY = YES;
				SWIFT_VERSION = 5.0;
				TARGETED_DEVICE_FAMILY = 1;
				TEST_HOST = "$(BUILT_PRODUCTS_DIR)/ProjectApex.app/$(BUNDLE_EXECUTABLE_FOLDER_PATH)/ProjectApex";
			};
			name = Release;
		};
		8F6BA5BB300056C500B3CBB5 /* Debug */ = {
			isa = XCBuildConfiguration;
			buildSettings = {
				CODE_SIGN_STYLE = Automatic;
				CURRENT_PROJECT_VERSION = 1;
				DEVELOPMENT_TEAM = H868QD76KJ;
				GENERATE_INFOPLIST_FILE = YES;
				MARKETING_VERSION = 1.0;
				PRODUCT_BUNDLE_IDENTIFIER = com.sahinsedar.ProjectApexUITests;
				PRODUCT_NAME = "$(TARGET_NAME)";
				STRING_CATALOG_GENERATE_SYMBOLS = NO;
				SWIFT_APPROACHABLE_CONCURRENCY = YES;
				SWIFT_EMIT_LOC_STRINGS = NO;
				SWIFT_UPCOMING_FEATURE_MEMBER_IMPORT_VISIBILITY = YES;
				SWIFT_VERSION = 5.0;
				TARGETED_DEVICE_FAMILY = 1;
				TEST_TARGET_NAME = ProjectApex;
			};
			name = Debug;
		};
		8F6BA5BC300056C500B3CBB5 /* Release */ = {
			isa = XCBuildConfiguration;
			buildSettings = {
				CODE_SIGN_STYLE = Automatic;
				CURRENT_PROJECT_VERSION = 1;
				DEVELOPMENT_TEAM = H868QD76KJ;
				GENERATE_INFOPLIST_FILE = YES;
				MARKETING_VERSION = 1.0;
				PRODUCT_BUNDLE_IDENTIFIER = com.sahinsedar.ProjectApexUITests;
				PRODUCT_NAME = "$(TARGET_NAME)";
				STRING_CATALOG_GENERATE_SYMBOLS = NO;
				SWIFT_APPROACHABLE_CONCURRENCY = YES;
				SWIFT_EMIT_LOC_STRINGS = NO;
				SWIFT_UPCOMING_FEATURE_MEMBER_IMPORT_VISIBILITY = YES;
				SWIFT_VERSION = 5.0;
				TARGETED_DEVICE_FAMILY = 1;
				TEST_TARGET_NAME = ProjectApex;
			};
			name = Release;
		};
/* End XCBuildConfiguration section */

/* Begin XCConfigurationList section */
		8F6BA58E300056C400B3CBB5 /* Build configuration list for PBXProject "ProjectApex" */ = {
			isa = XCConfigurationList;
			buildConfigurations = (
				8F6BA5B2300056C500B3CBB5 /* Debug */,
				8F6BA5B3300056C500B3CBB5 /* Release */,
			);
			defaultConfigurationIsVisible = 0;
			defaultConfigurationName = Release;
		};
		8F6BA5B4300056C500B3CBB5 /* Build configuration list for PBXNativeTarget "ProjectApex" */ = {
			isa = XCConfigurationList;
			buildConfigurations = (
				8F6BA5B5300056C500B3CBB5 /* Debug */,
				8F6BA5B6300056C500B3CBB5 /* Release */,
			);
			defaultConfigurationIsVisible = 0;
			defaultConfigurationName = Release;
		};
		8F6BA5B7300056C500B3CBB5 /* Build configuration list for PBXNativeTarget "ProjectApexTests" */ = {
			isa = XCConfigurationList;
			buildConfigurations = (
				8F6BA5B8300056C500B3CBB5 /* Debug */,
				8F6BA5B9300056C500B3CBB5 /* Release */,
			);
			defaultConfigurationIsVisible = 0;
			defaultConfigurationName = Release;
		};
		8F6BA5BA300056C500B3CBB5 /* Build configuration list for PBXNativeTarget "ProjectApexUITests" */ = {
			isa = XCConfigurationList;
			buildConfigurations = (
				8F6BA5BB300056C500B3CBB5 /* Debug */,
				8F6BA5BC300056C500B3CBB5 /* Release */,
			);
			defaultConfigurationIsVisible = 0;
			defaultConfigurationName = Release;
		};
/* End XCConfigurationList section */

/* Begin XCLocalSwiftPackageReference section */
		8F6BA5D13002F2B700B3CBB5 /* XCLocalSwiftPackageReference "ProjectApexCore" */ = {
			isa = XCLocalSwiftPackageReference;
			relativePath = ProjectApexCore;
		};
/* End XCLocalSwiftPackageReference section */

/* Begin XCRemoteSwiftPackageReference section */
		8F7E47793009001800BD41B0 /* XCRemoteSwiftPackageReference "swift-algorithms" */ = {
			isa = XCRemoteSwiftPackageReference;
			repositoryURL = "https://github.com/apple/swift-algorithms.git";
			requirement = {
				kind = upToNextMajorVersion;
				minimumVersion = 1.2.1;
			};
		};
		8F7E477A3009006E00BD41B0 /* XCRemoteSwiftPackageReference "firebase-ios-sdk" */ = {
			isa = XCRemoteSwiftPackageReference;
			repositoryURL = "https://github.com/firebase/firebase-ios-sdk";
			requirement = {
				kind = upToNextMajorVersion;
				minimumVersion = 12.16.0;
			};
		};
/* End XCRemoteSwiftPackageReference section */

/* Begin XCSwiftPackageProductDependency section */
		8F4FAF5A301CD761009BC9F0 /* FirebaseAnalytics */ = {
			isa = XCSwiftPackageProductDependency;
			package = 8F7E477A3009006E00BD41B0 /* XCRemoteSwiftPackageReference "firebase-ios-sdk" */;
			productName = FirebaseAnalytics;
		};
		8F4FAF5C301CD76D009BC9F0 /* FirebaseCrashlytics */ = {
			isa = XCSwiftPackageProductDependency;
			package = 8F7E477A3009006E00BD41B0 /* XCRemoteSwiftPackageReference "firebase-ios-sdk" */;
			productName = FirebaseCrashlytics;
		};
		8F6BA5D23002F30800B3CBB5 /* ProjectApexCore */ = {
			isa = XCSwiftPackageProductDependency;
			productName = ProjectApexCore;
		};
		8F7E478A3009307500BD41B0 /* FirebaseAuth */ = {
			isa = XCSwiftPackageProductDependency;
			package = 8F7E477A3009006E00BD41B0 /* XCRemoteSwiftPackageReference "firebase-ios-sdk" */;
			productName = FirebaseAuth;
		};
		8F7E478C3009308500BD41B0 /* FirebaseFirestore */ = {
			isa = XCSwiftPackageProductDependency;
			package = 8F7E477A3009006E00BD41B0 /* XCRemoteSwiftPackageReference "firebase-ios-sdk" */;
			productName = FirebaseFirestore;
		};
/* End XCSwiftPackageProductDependency section */
	};
	rootObject = 8F6BA58B300056C400B3CBB5 /* Project object */;
}
